// !$*UTF8*$!
{
	archiveVersion = 1;
	classes = {
	};
	objectVersion = 46;
	objects = {

/* Begin PBXBuildFile section */
		D2A47FA41DD333D30058A850 /* AppDelegate.swift in Sources */ = {isa = PBXBuildFile; fileRef = D2A47FA31DD333D30058A850 /* AppDelegate.swift */; };
		D2A47FA91DD333D30058A850 /* Main.storyboard in Resources */ = {isa = PBXBuildFile; fileRef = D2A47FA71DD333D30058A850 /* Main.storyboard */; };
		D2A47FAB1DD333D30058A850 /* Assets.xcassets in Resources */ = {isa = PBXBuildFile; fileRef = D2A47FAA1DD333D30058A850 /* Assets.xcassets */; };
		D2A47FAE1DD333D30058A850 /* LaunchScreen.storyboard in Resources */ = {isa = PBXBuildFile; fileRef = D2A47FAC1DD333D30058A850 /* LaunchScreen.storyboard */; };
		D2A47FB91DD333D30058A850 /* enPiT3Tests.swift in Sources */ = {isa = PBXBuildFile; fileRef = D2A47FB81DD333D30058A850 /* enPiT3Tests.swift */; };
		D2A47FC41DD333D30058A850 /* enPiT3UITests.swift in Sources */ = {isa = PBXBuildFile; fileRef = D2A47FC31DD333D30058A850 /* enPiT3UITests.swift */; };
		D2A47FD21DD33F900058A850 /* RentLendViewController.swift in Sources */ = {isa = PBXBuildFile; fileRef = D2A47FD11DD33F900058A850 /* RentLendViewController.swift */; };
		D2A47FD41DD344540058A850 /* LendInfoViewController.swift in Sources */ = {isa = PBXBuildFile; fileRef = D2A47FD31DD344540058A850 /* LendInfoViewController.swift */; };
		D2A47FD61DD3449B0058A850 /* RentInfoViewController.swift in Sources */ = {isa = PBXBuildFile; fileRef = D2A47FD51DD3449B0058A850 /* RentInfoViewController.swift */; };
		D2A47FD81DD345B80058A850 /* InputLendViewController.swift in Sources */ = {isa = PBXBuildFile; fileRef = D2A47FD71DD345B80058A850 /* InputLendViewController.swift */; };
		D2A47FDA1DD346010058A850 /* ConfirmLendViewController.swift in Sources */ = {isa = PBXBuildFile; fileRef = D2A47FD91DD346010058A850 /* ConfirmLendViewController.swift */; };
		D2A47FDC1DD352D50058A850 /* TitleViewController.swift in Sources */ = {isa = PBXBuildFile; fileRef = D2A47FDB1DD352D50058A850 /* TitleViewController.swift */; };
		D2A47FDE1DD353350058A850 /* TopViewController.swift in Sources */ = {isa = PBXBuildFile; fileRef = D2A47FDD1DD353350058A850 /* TopViewController.swift */; };
		D2A47FE01DD3767A0058A850 /* RegisterViewController.swift in Sources */ = {isa = PBXBuildFile; fileRef = D2A47FDF1DD3767A0058A850 /* RegisterViewController.swift */; };
/* End PBXBuildFile section */

/* Begin PBXContainerItemProxy section */
		D2A47FB51DD333D30058A850 /* PBXContainerItemProxy */ = {
			isa = PBXContainerItemProxy;
			containerPortal = D2A47F981DD333D30058A850 /* Project object */;
			proxyType = 1;
			remoteGlobalIDString = D2A47F9F1DD333D30058A850;
			remoteInfo = enPiT3;
		};
		D2A47FC01DD333D30058A850 /* PBXContainerItemProxy */ = {
			isa = PBXContainerItemProxy;
			containerPortal = D2A47F981DD333D30058A850 /* Project object */;
			proxyType = 1;
			remoteGlobalIDString = D2A47F9F1DD333D30058A850;
			remoteInfo = enPiT3;
		};
/* End PBXContainerItemProxy section */

/* Begin PBXFileReference section */
		D2A47FA01DD333D30058A850 /* enPiT3.app */ = {isa = PBXFileReference; explicitFileType = wrapper.application; includeInIndex = 0; path = enPiT3.app; sourceTree = BUILT_PRODUCTS_DIR; };
		D2A47FA31DD333D30058A850 /* AppDelegate.swift */ = {isa = PBXFileReference; lastKnownFileType = sourcecode.swift; path = AppDelegate.swift; sourceTree = "<group>"; };
		D2A47FA81DD333D30058A850 /* Base */ = {isa = PBXFileReference; lastKnownFileType = file.storyboard; name = Base; path = Base.lproj/Main.storyboard; sourceTree = "<group>"; };
		D2A47FAA1DD333D30058A850 /* Assets.xcassets */ = {isa = PBXFileReference; lastKnownFileType = folder.assetcatalog; path = Assets.xcassets; sourceTree = "<group>"; };
		D2A47FAD1DD333D30058A850 /* Base */ = {isa = PBXFileReference; lastKnownFileType = file.storyboard; name = Base; path = Base.lproj/LaunchScreen.storyboard; sourceTree = "<group>"; };
		D2A47FAF1DD333D30058A850 /* Info.plist */ = {isa = PBXFileReference; lastKnownFileType = text.plist.xml; path = Info.plist; sourceTree = "<group>"; };
		D2A47FB41DD333D30058A850 /* enPiT3Tests.xctest */ = {isa = PBXFileReference; explicitFileType = wrapper.cfbundle; includeInIndex = 0; path = enPiT3Tests.xctest; sourceTree = BUILT_PRODUCTS_DIR; };
		D2A47FB81DD333D30058A850 /* enPiT3Tests.swift */ = {isa = PBXFileReference; lastKnownFileType = sourcecode.swift; path = enPiT3Tests.swift; sourceTree = "<group>"; };
		D2A47FBA1DD333D30058A850 /* Info.plist */ = {isa = PBXFileReference; lastKnownFileType = text.plist.xml; path = Info.plist; sourceTree = "<group>"; };
		D2A47FBF1DD333D30058A850 /* enPiT3UITests.xctest */ = {isa = PBXFileReference; explicitFileType = wrapper.cfbundle; includeInIndex = 0; path = enPiT3UITests.xctest; sourceTree = BUILT_PRODUCTS_DIR; };
		D2A47FC31DD333D30058A850 /* enPiT3UITests.swift */ = {isa = PBXFileReference; lastKnownFileType = sourcecode.swift; path = enPiT3UITests.swift; sourceTree = "<group>"; };
		D2A47FC51DD333D30058A850 /* Info.plist */ = {isa = PBXFileReference; lastKnownFileType = text.plist.xml; path = Info.plist; sourceTree = "<group>"; };
		D2A47FD11DD33F900058A850 /* RentLendViewController.swift */ = {isa = PBXFileReference; fileEncoding = 4; lastKnownFileType = sourcecode.swift; path = RentLendViewController.swift; sourceTree = "<group>"; };
		D2A47FD31DD344540058A850 /* LendInfoViewController.swift */ = {isa = PBXFileReference; fileEncoding = 4; lastKnownFileType = sourcecode.swift; path = LendInfoViewController.swift; sourceTree = "<group>"; };
		D2A47FD51DD3449B0058A850 /* RentInfoViewController.swift */ = {isa = PBXFileReference; fileEncoding = 4; lastKnownFileType = sourcecode.swift; path = RentInfoViewController.swift; sourceTree = "<group>"; };
		D2A47FD71DD345B80058A850 /* InputLendViewController.swift */ = {isa = PBXFileReference; fileEncoding = 4; lastKnownFileType = sourcecode.swift; path = InputLendViewController.swift; sourceTree = "<group>"; };
		D2A47FD91DD346010058A850 /* ConfirmLendViewController.swift */ = {isa = PBXFileReference; fileEncoding = 4; lastKnownFileType = sourcecode.swift; path = ConfirmLendViewController.swift; sourceTree = "<group>"; };
		D2A47FDB1DD352D50058A850 /* TitleViewController.swift */ = {isa = PBXFileReference; fileEncoding = 4; lastKnownFileType = sourcecode.swift; path = TitleViewController.swift; sourceTree = "<group>"; };
		D2A47FDD1DD353350058A850 /* TopViewController.swift */ = {isa = PBXFileReference; fileEncoding = 4; lastKnownFileType = sourcecode.swift; path = TopViewController.swift; sourceTree = "<group>"; };
		D2A47FDF1DD3767A0058A850 /* RegisterViewController.swift */ = {isa = PBXFileReference; fileEncoding = 4; lastKnownFileType = sourcecode.swift; path = RegisterViewController.swift; sourceTree = "<group>"; };
/* End PBXFileReference section */

/* Begin PBXFrameworksBuildPhase section */
		D2A47F9D1DD333D30058A850 /* Frameworks */ = {
			isa = PBXFrameworksBuildPhase;
			buildActionMask = 2147483647;
			files = (
			);
			runOnlyForDeploymentPostprocessing = 0;
		};
		D2A47FB11DD333D30058A850 /* Frameworks */ = {
			isa = PBXFrameworksBuildPhase;
			buildActionMask = 2147483647;
			files = (
			);
			runOnlyForDeploymentPostprocessing = 0;
		};
		D2A47FBC1DD333D30058A850 /* Frameworks */ = {
			isa = PBXFrameworksBuildPhase;
			buildActionMask = 2147483647;
			files = (
			);
			runOnlyForDeploymentPostprocessing = 0;
		};
/* End PBXFrameworksBuildPhase section */

/* Begin PBXGroup section */
		D2A47F971DD333D30058A850 = {
			isa = PBXGroup;
			children = (
				D2A47FA21DD333D30058A850 /* enPiT3 */,
				D2A47FB71DD333D30058A850 /* enPiT3Tests */,
				D2A47FC21DD333D30058A850 /* enPiT3UITests */,
				D2A47FA11DD333D30058A850 /* Products */,
			);
			sourceTree = "<group>";
		};
		D2A47FA11DD333D30058A850 /* Products */ = {
			isa = PBXGroup;
			children = (
				D2A47FA01DD333D30058A850 /* enPiT3.app */,
				D2A47FB41DD333D30058A850 /* enPiT3Tests.xctest */,
				D2A47FBF1DD333D30058A850 /* enPiT3UITests.xctest */,
			);
			name = Products;
			sourceTree = "<group>";
		};
		D2A47FA21DD333D30058A850 /* enPiT3 */ = {
			isa = PBXGroup;
			children = (
				D2A47FA31DD333D30058A850 /* AppDelegate.swift */,
				D2A47FD11DD33F900058A850 /* RentLendViewController.swift */,
				D2A47FD31DD344540058A850 /* LendInfoViewController.swift */,
				D2A47FD51DD3449B0058A850 /* RentInfoViewController.swift */,
				D2A47FDD1DD353350058A850 /* TopViewController.swift */,
				D2A47FDF1DD3767A0058A850 /* RegisterViewController.swift */,
				D2A47FDB1DD352D50058A850 /* TitleViewController.swift */,
				D2A47FD71DD345B80058A850 /* InputLendViewController.swift */,
				D2A47FD91DD346010058A850 /* ConfirmLendViewController.swift */,
				D2A47FA71DD333D30058A850 /* Main.storyboard */,
				D2A47FAA1DD333D30058A850 /* Assets.xcassets */,
				D2A47FAC1DD333D30058A850 /* LaunchScreen.storyboard */,
				D2A47FAF1DD333D30058A850 /* Info.plist */,
			);
			path = enPiT3;
			sourceTree = "<group>";
		};
		D2A47FB71DD333D30058A850 /* enPiT3Tests */ = {
			isa = PBXGroup;
			children = (
				D2A47FB81DD333D30058A850 /* enPiT3Tests.swift */,
				D2A47FBA1DD333D30058A850 /* Info.plist */,
			);
			path = enPiT3Tests;
			sourceTree = "<group>";
		};
		D2A47FC21DD333D30058A850 /* enPiT3UITests */ = {
			isa = PBXGroup;
			children = (
				D2A47FC31DD333D30058A850 /* enPiT3UITests.swift */,
				D2A47FC51DD333D30058A850 /* Info.plist */,
			);
			path = enPiT3UITests;
			sourceTree = "<group>";
		};
/* End PBXGroup section */

/* Begin PBXNativeTarget section */
		D2A47F9F1DD333D30058A850 /* enPiT3 */ = {
			isa = PBXNativeTarget;
			buildConfigurationList = D2A47FC81DD333D30058A850 /* Build configuration list for PBXNativeTarget "enPiT3" */;
			buildPhases = (
				D2A47F9C1DD333D30058A850 /* Sources */,
				D2A47F9D1DD333D30058A850 /* Frameworks */,
				D2A47F9E1DD333D30058A850 /* Resources */,
			);
			buildRules = (
			);
			dependencies = (
			);
			name = enPiT3;
			productName = enPiT3;
			productReference = D2A47FA01DD333D30058A850 /* enPiT3.app */;
			productType = "com.apple.product-type.application";
		};
		D2A47FB31DD333D30058A850 /* enPiT3Tests */ = {
			isa = PBXNativeTarget;
			buildConfigurationList = D2A47FCB1DD333D30058A850 /* Build configuration list for PBXNativeTarget "enPiT3Tests" */;
			buildPhases = (
				D2A47FB01DD333D30058A850 /* Sources */,
				D2A47FB11DD333D30058A850 /* Frameworks */,
				D2A47FB21DD333D30058A850 /* Resources */,
			);
			buildRules = (
			);
			dependencies = (
				D2A47FB61DD333D30058A850 /* PBXTargetDependency */,
			);
			name = enPiT3Tests;
			productName = enPiT3Tests;
			productReference = D2A47FB41DD333D30058A850 /* enPiT3Tests.xctest */;
			productType = "com.apple.product-type.bundle.unit-test";
		};
		D2A47FBE1DD333D30058A850 /* enPiT3UITests */ = {
			isa = PBXNativeTarget;
			buildConfigurationList = D2A47FCE1DD333D30058A850 /* Build configuration list for PBXNativeTarget "enPiT3UITests" */;
			buildPhases = (
				D2A47FBB1DD333D30058A850 /* Sources */,
				D2A47FBC1DD333D30058A850 /* Frameworks */,
				D2A47FBD1DD333D30058A850 /* Resources */,
			);
			buildRules = (
			);
			dependencies = (
				D2A47FC11DD333D30058A850 /* PBXTargetDependency */,
			);
			name = enPiT3UITests;
			productName = enPiT3UITests;
			productReference = D2A47FBF1DD333D30058A850 /* enPiT3UITests.xctest */;
			productType = "com.apple.product-type.bundle.ui-testing";
		};
/* End PBXNativeTarget section */

/* Begin PBXProject section */
		D2A47F981DD333D30058A850 /* Project object */ = {
			isa = PBXProject;
			attributes = {
				LastSwiftUpdateCheck = 0810;
				LastUpgradeCheck = 0810;
				ORGANIZATIONNAME = TeamD;
				TargetAttributes = {
					D2A47F9F1DD333D30058A850 = {
						CreatedOnToolsVersion = 8.1;
						ProvisioningStyle = Automatic;
					};
					D2A47FB31DD333D30058A850 = {
						CreatedOnToolsVersion = 8.1;
						ProvisioningStyle = Automatic;
						TestTargetID = D2A47F9F1DD333D30058A850;
					};
					D2A47FBE1DD333D30058A850 = {
						CreatedOnToolsVersion = 8.1;
						ProvisioningStyle = Automatic;
						TestTargetID = D2A47F9F1DD333D30058A850;
					};
				};
			};
			buildConfigurationList = D2A47F9B1DD333D30058A850 /* Build configuration list for PBXProject "enPiT3" */;
			compatibilityVersion = "Xcode 3.2";
			developmentRegion = English;
			hasScannedForEncodings = 0;
			knownRegions = (
				en,
				Base,
			);
			mainGroup = D2A47F971DD333D30058A850;
			productRefGroup = D2A47FA11DD333D30058A850 /* Products */;
			projectDirPath = "";
			projectRoot = "";
			targets = (
				D2A47F9F1DD333D30058A850 /* enPiT3 */,
				D2A47FB31DD333D30058A850 /* enPiT3Tests */,
				D2A47FBE1DD333D30058A850 /* enPiT3UITests */,
			);
		};
/* End PBXProject section */

/* Begin PBXResourcesBuildPhase section */
		D2A47F9E1DD333D30058A850 /* Resources */ = {
			isa = PBXResourcesBuildPhase;
			buildActionMask = 2147483647;
			files = (
				D2A47FAE1DD333D30058A850 /* LaunchScreen.storyboard in Resources */,
				D2A47FAB1DD333D30058A850 /* Assets.xcassets in Resources */,
				D2A47FA91DD333D30058A850 /* Main.storyboard in Resources */,
			);
			runOnlyForDeploymentPostprocessing = 0;
		};
		D2A47FB21DD333D30058A850 /* Resources */ = {
			isa = PBXResourcesBuildPhase;
			buildActionMask = 2147483647;
			files = (
			);
			runOnlyForDeploymentPostprocessing = 0;
		};
		D2A47FBD1DD333D30058A850 /* Resources */ = {
			isa = PBXResourcesBuildPhase;
			buildActionMask = 2147483647;
			files = (
			);
			runOnlyForDeploymentPostprocessing = 0;
		};
/* End PBXResourcesBuildPhase section */

/* Begin PBXSourcesBuildPhase section */
		D2A47F9C1DD333D30058A850 /* Sources */ = {
			isa = PBXSourcesBuildPhase;
			buildActionMask = 2147483647;
			files = (
				D2A47FE01DD3767A0058A850 /* RegisterViewController.swift in Sources */,
				D2A47FD81DD345B80058A850 /* InputLendViewController.swift in Sources */,
				D2A47FD21DD33F900058A850 /* RentLendViewController.swift in Sources */,
				D2A47FD41DD344540058A850 /* LendInfoViewController.swift in Sources */,
				D2A47FDA1DD346010058A850 /* ConfirmLendViewController.swift in Sources */,
				D2A47FDE1DD353350058A850 /* TopViewController.swift in Sources */,
				D2A47FDC1DD352D50058A850 /* TitleViewController.swift in Sources */,
				D2A47FA41DD333D30058A850 /* AppDelegate.swift in Sources */,
				D2A47FD61DD3449B0058A850 /* RentInfoViewController.swift in Sources */,
			);
			runOnlyForDeploymentPostprocessing = 0;
		};
		D2A47FB01DD333D30058A850 /* Sources */ = {
			isa = PBXSourcesBuildPhase;
			buildActionMask = 2147483647;
			files = (
				D2A47FB91DD333D30058A850 /* enPiT3Tests.swift in Sources */,
			);
			runOnlyForDeploymentPostprocessing = 0;
		};
		D2A47FBB1DD333D30058A850 /* Sources */ = {
			isa = PBXSourcesBuildPhase;
			buildActionMask = 2147483647;
			files = (
				D2A47FC41DD333D30058A850 /* enPiT3UITests.swift in Sources */,
			);
			runOnlyForDeploymentPostprocessing = 0;
		};
/* End PBXSourcesBuildPhase section */

/* Begin PBXTargetDependency section */
		D2A47FB61DD333D30058A850 /* PBXTargetDependency */ = {
			isa = PBXTargetDependency;
			target = D2A47F9F1DD333D30058A850 /* enPiT3 */;
			targetProxy = D2A47FB51DD333D30058A850 /* PBXContainerItemProxy */;
		};
		D2A47FC11DD333D30058A850 /* PBXTargetDependency */ = {
			isa = PBXTargetDependency;
			target = D2A47F9F1DD333D30058A850 /* enPiT3 */;
			targetProxy = D2A47FC01DD333D30058A850 /* PBXContainerItemProxy */;
		};
/* End PBXTargetDependency section */

/* Begin PBXVariantGroup section */
		D2A47FA71DD333D30058A850 /* Main.storyboard */ = {
			isa = PBXVariantGroup;
			children = (
				D2A47FA81DD333D30058A850 /* Base */,
			);
			name = Main.storyboard;
			sourceTree = "<group>";
		};
		D2A47FAC1DD333D30058A850 /* LaunchScreen.storyboard */ = {
			isa = PBXVariantGroup;
			children = (
				D2A47FAD1DD333D30058A850 /* Base */,
			);
			name = LaunchScreen.storyboard;
			sourceTree = "<group>";
		};
/* End PBXVariantGroup section */

/* Begin XCBuildConfiguration section */
		D2A47FC61DD333D30058A850 /* Debug */ = {
			isa = XCBuildConfiguration;
			buildSettings = {
				ALWAYS_SEARCH_USER_PATHS = NO;
				CLANG_ANALYZER_NONNULL = YES;
				CLANG_CXX_LANGUAGE_STANDARD = "gnu++0x";
				CLANG_CXX_LIBRARY = "libc++";
				CLANG_ENABLE_MODULES = YES;
				CLANG_ENABLE_OBJC_ARC = YES;
				CLANG_WARN_BOOL_CONVERSION = YES;
				CLANG_WARN_CONSTANT_CONVERSION = YES;
				CLANG_WARN_DIRECT_OBJC_ISA_USAGE = YES_ERROR;
				CLANG_WARN_DOCUMENTATION_COMMENTS = YES;
				CLANG_WARN_EMPTY_BODY = YES;
				CLANG_WARN_ENUM_CONVERSION = YES;
				CLANG_WARN_INFINITE_RECURSION = YES;
				CLANG_WARN_INT_CONVERSION = YES;
				CLANG_WARN_OBJC_ROOT_CLASS = YES_ERROR;
				CLANG_WARN_SUSPICIOUS_MOVES = YES;
				CLANG_WARN_UNREACHABLE_CODE = YES;
				CLANG_WARN__DUPLICATE_METHOD_MATCH = YES;
				"CODE_SIGN_IDENTITY[sdk=iphoneos*]" = "iPhone Developer";
				COPY_PHASE_STRIP = NO;
				DEBUG_INFORMATION_FORMAT = dwarf;
				ENABLE_STRICT_OBJC_MSGSEND = YES;
				ENABLE_TESTABILITY = YES;
				GCC_C_LANGUAGE_STANDARD = gnu99;
				GCC_DYNAMIC_NO_PIC = NO;
				GCC_NO_COMMON_BLOCKS = YES;
				GCC_OPTIMIZATION_LEVEL = 0;
				GCC_PREPROCESSOR_DEFINITIONS = (
					"DEBUG=1",
					"$(inherited)",
				);
				GCC_WARN_64_TO_32_BIT_CONVERSION = YES;
				GCC_WARN_ABOUT_RETURN_TYPE = YES_ERROR;
				GCC_WARN_UNDECLARED_SELECTOR = YES;
				GCC_WARN_UNINITIALIZED_AUTOS = YES_AGGRESSIVE;
				GCC_WARN_UNUSED_FUNCTION = YES;
				GCC_WARN_UNUSED_VARIABLE = YES;
				IPHONEOS_DEPLOYMENT_TARGET = 10.1;
				MTL_ENABLE_DEBUG_INFO = YES;
				ONLY_ACTIVE_ARCH = YES;
				SDKROOT = iphoneos;
				SWIFT_ACTIVE_COMPILATION_CONDITIONS = DEBUG;
				SWIFT_OPTIMIZATION_LEVEL = "-Onone";
			};
			name = Debug;
		};
		D2A47FC71DD333D30058A850 /* Release */ = {
			isa = XCBuildConfiguration;
			buildSettings = {
				ALWAYS_SEARCH_USER_PATHS = NO;
				CLANG_ANALYZER_NONNULL = YES;
				CLANG_CXX_LANGUAGE_STANDARD = "gnu++0x";
				CLANG_CXX_LIBRARY = "libc++";
				CLANG_ENABLE_MODULES = YES;
				CLANG_ENABLE_OBJC_ARC = YES;
				CLANG_WARN_BOOL_CONVERSION = YES;
				CLANG_WARN_CONSTANT_CONVERSION = YES;
				CLANG_WARN_DIRECT_OBJC_ISA_USAGE = YES_ERROR;
				CLANG_WARN_DOCUMENTATION_COMMENTS = YES;
				CLANG_WARN_EMPTY_BODY = YES;
				CLANG_WARN_ENUM_CONVERSION = YES;
				CLANG_WARN_INFINITE_RECURSION = YES;
				CLANG_WARN_INT_CONVERSION = YES;
				CLANG_WARN_OBJC_ROOT_CLASS = YES_ERROR;
				CLANG_WARN_SUSPICIOUS_MOVES = YES;
				CLANG_WARN_UNREACHABLE_CODE = YES;
				CLANG_WARN__DUPLICATE_METHOD_MATCH = YES;
				"CODE_SIGN_IDENTITY[sdk=iphoneos*]" = "iPhone Developer";
				COPY_PHASE_STRIP = NO;
				DEBUG_INFORMATION_FORMAT = "dwarf-with-dsym";
				ENABLE_NS_ASSERTIONS = NO;
				ENABLE_STRICT_OBJC_MSGSEND = YES;
				GCC_C_LANGUAGE_STANDARD = gnu99;
				GCC_NO_COMMON_BLOCKS = YES;
				GCC_WARN_64_TO_32_BIT_CONVERSION = YES;
				GCC_WARN_ABOUT_RETURN_TYPE = YES_ERROR;
				GCC_WARN_UNDECLARED_SELECTOR = YES;
				GCC_WARN_UNINITIALIZED_AUTOS = YES_AGGRESSIVE;
				GCC_WARN_UNUSED_FUNCTION = YES;
				GCC_WARN_UNUSED_VARIABLE = YES;
				IPHONEOS_DEPLOYMENT_TARGET = 10.1;
				MTL_ENABLE_DEBUG_INFO = NO;
				SDKROOT = iphoneos;
				SWIFT_OPTIMIZATION_LEVEL = "-Owholemodule";
				VALIDATE_PRODUCT = YES;
			};
			name = Release;
		};
		D2A47FC91DD333D30058A850 /* Debug */ = {
			isa = XCBuildConfiguration;
			buildSettings = {
				ASSETCATALOG_COMPILER_APPICON_NAME = AppIcon;
				INFOPLIST_FILE = enPiT3/Info.plist;
				LD_RUNPATH_SEARCH_PATHS = "$(inherited) @executable_path/Frameworks";
				PRODUCT_BUNDLE_IDENTIFIER = enPiT.teamD.enPiT3;
				PRODUCT_NAME = "$(TARGET_NAME)";
				SWIFT_VERSION = 3.0;
			};
			name = Debug;
		};
		D2A47FCA1DD333D30058A850 /* Release */ = {
			isa = XCBuildConfiguration;
			buildSettings = {
				ASSETCATALOG_COMPILER_APPICON_NAME = AppIcon;
				INFOPLIST_FILE = enPiT3/Info.plist;
				LD_RUNPATH_SEARCH_PATHS = "$(inherited) @executable_path/Frameworks";
				PRODUCT_BUNDLE_IDENTIFIER = enPiT.teamD.enPiT3;
				PRODUCT_NAME = "$(TARGET_NAME)";
				SWIFT_VERSION = 3.0;
			};
			name = Release;
		};
		D2A47FCC1DD333D30058A850 /* Debug */ = {
			isa = XCBuildConfiguration;
			buildSettings = {
				ALWAYS_EMBED_SWIFT_STANDARD_LIBRARIES = YES;
				BUNDLE_LOADER = "$(TEST_HOST)";
				INFOPLIST_FILE = enPiT3Tests/Info.plist;
				LD_RUNPATH_SEARCH_PATHS = "$(inherited) @executable_path/Frameworks @loader_path/Frameworks";
				PRODUCT_BUNDLE_IDENTIFIER = enPiT.teamD.enPiT3Tests;
				PRODUCT_NAME = "$(TARGET_NAME)";
				SWIFT_VERSION = 3.0;
				TEST_HOST = "$(BUILT_PRODUCTS_DIR)/enPiT3.app/enPiT3";
			};
			name = Debug;
		};
		D2A47FCD1DD333D30058A850 /* Release */ = {
			isa = XCBuildConfiguration;
			buildSettings = {
				ALWAYS_EMBED_SWIFT_STANDARD_LIBRARIES = YES;
				BUNDLE_LOADER = "$(TEST_HOST)";
				INFOPLIST_FILE = enPiT3Tests/Info.plist;
				LD_RUNPATH_SEARCH_PATHS = "$(inherited) @executable_path/Frameworks @loader_path/Frameworks";
				PRODUCT_BUNDLE_IDENTIFIER = enPiT.teamD.enPiT3Tests;
				PRODUCT_NAME = "$(TARGET_NAME)";
				SWIFT_VERSION = 3.0;
				TEST_HOST = "$(BUILT_PRODUCTS_DIR)/enPiT3.app/enPiT3";
			};
			name = Release;
		};
		D2A47FCF1DD333D30058A850 /* Debug */ = {
			isa = XCBuildConfiguration;
			buildSettings = {
				ALWAYS_EMBED_SWIFT_STANDARD_LIBRARIES = YES;
				INFOPLIST_FILE = enPiT3UITests/Info.plist;
				LD_RUNPATH_SEARCH_PATHS = "$(inherited) @executable_path/Frameworks @loader_path/Frameworks";
				PRODUCT_BUNDLE_IDENTIFIER = enPiT.teamD.enPiT3UITests;
				PRODUCT_NAME = "$(TARGET_NAME)";
				SWIFT_VERSION = 3.0;
				TEST_TARGET_NAME = enPiT3;
			};
			name = Debug;
		};
		D2A47FD01DD333D30058A850 /* Release */ = {
			isa = XCBuildConfiguration;
			buildSettings = {
				ALWAYS_EMBED_SWIFT_STANDARD_LIBRARIES = YES;
				INFOPLIST_FILE = enPiT3UITests/Info.plist;
				LD_RUNPATH_SEARCH_PATHS = "$(inherited) @executable_path/Frameworks @loader_path/Frameworks";
				PRODUCT_BUNDLE_IDENTIFIER = enPiT.teamD.enPiT3UITests;
				PRODUCT_NAME = "$(TARGET_NAME)";
				SWIFT_VERSION = 3.0;
				TEST_TARGET_NAME = enPiT3;
			};
			name = Release;
		};
/* End XCBuildConfiguration section */

/* Begin XCConfigurationList section */
		D2A47F9B1DD333D30058A850 /* Build configuration list for PBXProject "enPiT3" */ = {
			isa = XCConfigurationList;
			buildConfigurations = (
				D2A47FC61DD333D30058A850 /* Debug */,
				D2A47FC71DD333D30058A850 /* Release */,
			);
			defaultConfigurationIsVisible = 0;
			defaultConfigurationName = Release;
		};
		D2A47FC81DD333D30058A850 /* Build configuration list for PBXNativeTarget "enPiT3" */ = {
			isa = XCConfigurationList;
			buildConfigurations = (
				D2A47FC91DD333D30058A850 /* Debug */,
				D2A47FCA1DD333D30058A850 /* Release */,
			);
			defaultConfigurationIsVisible = 0;
		};
		D2A47FCB1DD333D30058A850 /* Build configuration list for PBXNativeTarget "enPiT3Tests" */ = {
			isa = XCConfigurationList;
			buildConfigurations = (
				D2A47FCC1DD333D30058A850 /* Debug */,
				D2A47FCD1DD333D30058A850 /* Release */,
			);
			defaultConfigurationIsVisible = 0;
		};
		D2A47FCE1DD333D30058A850 /* Build configuration list for PBXNativeTarget "enPiT3UITests" */ = {
			isa = XCConfigurationList;
			buildConfigurations = (
				D2A47FCF1DD333D30058A850 /* Debug */,
				D2A47FD01DD333D30058A850 /* Release */,
			);
			defaultConfigurationIsVisible = 0;
		};
/* End XCConfigurationList section */
	};
	rootObject = D2A47F981DD333D30058A850 /* Project object */;
}
